// !$*UTF8*$!
{
	archiveVersion = 1;
	classes = {
	};
	objectVersion = 46;
	objects = {

/* Begin PBXBuildFile section */
		E641451E1C23531900DE8094 /* http_data.cpp in Sources */ = {isa = PBXBuildFile; fileRef = E641451C1C23531900DE8094 /* http_data.cpp */; };
		E666244C1C2480C000A29409 /* tasks_poll.cpp in Sources */ = {isa = PBXBuildFile; fileRef = E666244A1C2480C000A29409 /* tasks_poll.cpp */; };
		E67183D21C2ED86900992C16 /* http_header.cpp in Sources */ = {isa = PBXBuildFile; fileRef = E67183D01C2ED86900992C16 /* http_header.cpp */; };
		E67986E01C39BF2600EDA766 /* event_registration.cpp in Sources */ = {isa = PBXBuildFile; fileRef = E67986DC1C39BF2600EDA766 /* event_registration.cpp */; };
		E67986E11C39BF2600EDA766 /* proxy_client.cpp in Sources */ = {isa = PBXBuildFile; fileRef = E67986DE1C39BF2600EDA766 /* proxy_client.cpp */; };
		E6AF23D51C13885000CBEC62 /* tcp_connection.cpp in Sources */ = {isa = PBXBuildFile; fileRef = E6AF23D41C13885000CBEC62 /* tcp_connection.cpp */; };
		E6B668091C24A38800706014 /* listener.cpp in Sources */ = {isa = PBXBuildFile; fileRef = E6B668071C24A38800706014 /* listener.cpp */; };
		E6D6CE9A1C1394A300355E3D /* event_queue.cpp in Sources */ = {isa = PBXBuildFile; fileRef = E6D6CE931C1394A300355E3D /* event_queue.cpp */; };
		E6D6CE9B1C1394A300355E3D /* http_parse.cpp in Sources */ = {isa = PBXBuildFile; fileRef = E6D6CE941C1394A300355E3D /* http_parse.cpp */; };
		E6D6CE9C1C1394A300355E3D /* ipv4_endpoint.cpp in Sources */ = {isa = PBXBuildFile; fileRef = E6D6CE951C1394A300355E3D /* ipv4_endpoint.cpp */; };
		E6D6CE9D1C1394A300355E3D /* main_server.cpp in Sources */ = {isa = PBXBuildFile; fileRef = E6D6CE961C1394A300355E3D /* main_server.cpp */; };
		E6D6CE9E1C1394A300355E3D /* proxy.cpp in Sources */ = {isa = PBXBuildFile; fileRef = E6D6CE971C1394A300355E3D /* proxy.cpp */; };
		E6D6CE9F1C1394A300355E3D /* tcp_client.cpp in Sources */ = {isa = PBXBuildFile; fileRef = E6D6CE981C1394A300355E3D /* tcp_client.cpp */; };
		E6D6CEA01C1394A300355E3D /* tcp_server.cpp in Sources */ = {isa = PBXBuildFile; fileRef = E6D6CE991C1394A300355E3D /* tcp_server.cpp */; };
		E6FD6FA71C09E92600596585 /* main.cpp in Sources */ = {isa = PBXBuildFile; fileRef = E6FD6FA61C09E92600596585 /* main.cpp */; };
/* End PBXBuildFile section */

/* Begin PBXCopyFilesBuildPhase section */
		E6FD6FA11C09E92600596585 /* CopyFiles */ = {
			isa = PBXCopyFilesBuildPhase;
			buildActionMask = 2147483647;
			dstPath = /usr/share/man/man1/;
			dstSubfolderSpec = 0;
			files = (
			);
			runOnlyForDeploymentPostprocessing = 1;
		};
/* End PBXCopyFilesBuildPhase section */

/* Begin PBXFileReference section */
		E641451C1C23531900DE8094 /* http_data.cpp */ = {isa = PBXFileReference; fileEncoding = 4; lastKnownFileType = sourcecode.cpp.cpp; path = http_data.cpp; sourceTree = "<group>"; };
		E641451D1C23531900DE8094 /* http_data.hpp */ = {isa = PBXFileReference; fileEncoding = 4; lastKnownFileType = sourcecode.cpp.h; path = http_data.hpp; sourceTree = "<group>"; };
		E666244A1C2480C000A29409 /* tasks_poll.cpp */ = {isa = PBXFileReference; fileEncoding = 4; lastKnownFileType = sourcecode.cpp.cpp; path = tasks_poll.cpp; sourceTree = "<group>"; };
		E666244B1C2480C000A29409 /* tasks_poll.hpp */ = {isa = PBXFileReference; fileEncoding = 4; lastKnownFileType = sourcecode.cpp.h; path = tasks_poll.hpp; sourceTree = "<group>"; };
		E67183D01C2ED86900992C16 /* http_header.cpp */ = {isa = PBXFileReference; fileEncoding = 4; lastKnownFileType = sourcecode.cpp.cpp; path = http_header.cpp; sourceTree = "<group>"; };
		E67183D11C2ED86900992C16 /* http_header.hpp */ = {isa = PBXFileReference; fileEncoding = 4; lastKnownFileType = sourcecode.cpp.h; path = http_header.hpp; sourceTree = "<group>"; };
		E67986DC1C39BF2600EDA766 /* event_registration.cpp */ = {isa = PBXFileReference; fileEncoding = 4; lastKnownFileType = sourcecode.cpp.cpp; path = event_registration.cpp; sourceTree = "<group>"; };
		E67986DD1C39BF2600EDA766 /* event_registration.h */ = {isa = PBXFileReference; fileEncoding = 4; lastKnownFileType = sourcecode.c.h; path = event_registration.h; sourceTree = "<group>"; };
		E67986DE1C39BF2600EDA766 /* proxy_client.cpp */ = {isa = PBXFileReference; fileEncoding = 4; lastKnownFileType = sourcecode.cpp.cpp; path = proxy_client.cpp; sourceTree = "<group>"; };
		E67986DF1C39BF2600EDA766 /* proxy_client.h */ = {isa = PBXFileReference; fileEncoding = 4; lastKnownFileType = sourcecode.c.h; path = proxy_client.h; sourceTree = "<group>"; };
		E6AF23D41C13885000CBEC62 /* tcp_connection.cpp */ = {isa = PBXFileReference; fileEncoding = 4; lastKnownFileType = sourcecode.cpp.cpp; path = tcp_connection.cpp; sourceTree = "<group>"; };
		E6B668071C24A38800706014 /* listener.cpp */ = {isa = PBXFileReference; fileEncoding = 4; lastKnownFileType = sourcecode.cpp.cpp; path = listener.cpp; sourceTree = "<group>"; };
		E6B668081C24A38800706014 /* listener.hpp */ = {isa = PBXFileReference; fileEncoding = 4; lastKnownFileType = sourcecode.cpp.h; path = listener.hpp; sourceTree = "<group>"; };
		E6D6CE931C1394A300355E3D /* event_queue.cpp */ = {isa = PBXFileReference; fileEncoding = 4; lastKnownFileType = sourcecode.cpp.cpp; path = event_queue.cpp; sourceTree = "<group>"; };
		E6D6CE941C1394A300355E3D /* http_parse.cpp */ = {isa = PBXFileReference; fileEncoding = 4; lastKnownFileType = sourcecode.cpp.cpp; path = http_parse.cpp; sourceTree = "<group>"; };
		E6D6CE951C1394A300355E3D /* ipv4_endpoint.cpp */ = {isa = PBXFileReference; fileEncoding = 4; lastKnownFileType = sourcecode.cpp.cpp; path = ipv4_endpoint.cpp; sourceTree = "<group>"; };
		E6D6CE961C1394A300355E3D /* main_server.cpp */ = {isa = PBXFileReference; fileEncoding = 4; lastKnownFileType = sourcecode.cpp.cpp; path = main_server.cpp; sourceTree = "<group>"; };
		E6D6CE971C1394A300355E3D /* proxy.cpp */ = {isa = PBXFileReference; fileEncoding = 4; lastKnownFileType = sourcecode.cpp.cpp; path = proxy.cpp; sourceTree = "<group>"; };
		E6D6CE981C1394A300355E3D /* tcp_client.cpp */ = {isa = PBXFileReference; fileEncoding = 4; lastKnownFileType = sourcecode.cpp.cpp; path = tcp_client.cpp; sourceTree = "<group>"; };
		E6D6CE991C1394A300355E3D /* tcp_server.cpp */ = {isa = PBXFileReference; fileEncoding = 4; lastKnownFileType = sourcecode.cpp.cpp; path = tcp_server.cpp; sourceTree = "<group>"; };
		E6DE0C711C13350A00288191 /* http_parse.hpp */ = {isa = PBXFileReference; fileEncoding = 4; lastKnownFileType = sourcecode.cpp.h; path = http_parse.hpp; sourceTree = "<group>"; };
		E6FD6FA31C09E92600596585 /* simple_proxy */ = {isa = PBXFileReference; explicitFileType = "compiled.mach-o.executable"; includeInIndex = 0; path = simple_proxy; sourceTree = BUILT_PRODUCTS_DIR; };
		E6FD6FA61C09E92600596585 /* main.cpp */ = {isa = PBXFileReference; lastKnownFileType = sourcecode.cpp.cpp; path = main.cpp; sourceTree = "<group>"; };
		E6FD6FB11C09E99C00596585 /* ipv4_endpoint.hpp */ = {isa = PBXFileReference; fileEncoding = 4; lastKnownFileType = sourcecode.cpp.h; path = ipv4_endpoint.hpp; sourceTree = "<group>"; };
		E6FD6FB41C09EA0B00596585 /* main_server.hpp */ = {isa = PBXFileReference; fileEncoding = 4; lastKnownFileType = sourcecode.cpp.h; path = main_server.hpp; sourceTree = "<group>"; };
		E6FD6FBD1C09F40000596585 /* tcp_connection.hpp */ = {isa = PBXFileReference; fileEncoding = 4; lastKnownFileType = sourcecode.cpp.h; path = tcp_connection.hpp; sourceTree = "<group>"; };
		E6FD6FC01C09FAFC00596585 /* tcp_server.hpp */ = {isa = PBXFileReference; fileEncoding = 4; lastKnownFileType = sourcecode.cpp.h; path = tcp_server.hpp; sourceTree = "<group>"; };
		E6FD6FC31C09FB0E00596585 /* tcp_client.hpp */ = {isa = PBXFileReference; fileEncoding = 4; lastKnownFileType = sourcecode.cpp.h; path = tcp_client.hpp; sourceTree = "<group>"; };
		E6FD6FC91C0A04E100596585 /* event_queue.hpp */ = {isa = PBXFileReference; fileEncoding = 4; lastKnownFileType = sourcecode.cpp.h; path = event_queue.hpp; sourceTree = "<group>"; };
		E6FD6FCE1C0A0A6F00596585 /* proxy.hpp */ = {isa = PBXFileReference; fileEncoding = 4; lastKnownFileType = sourcecode.cpp.h; path = proxy.hpp; sourceTree = "<group>"; };
/* End PBXFileReference section */

/* Begin PBXFrameworksBuildPhase section */
		E6FD6FA01C09E92600596585 /* Frameworks */ = {
			isa = PBXFrameworksBuildPhase;
			buildActionMask = 2147483647;
			files = (
			);
			runOnlyForDeploymentPostprocessing = 0;
		};
/* End PBXFrameworksBuildPhase section */

/* Begin PBXGroup section */
		E6541B8F1C2AFE9600E8ECF3 /* sources */ = {
			isa = PBXGroup;
			children = (
				E67986DC1C39BF2600EDA766 /* event_registration.cpp */,
				E67986DE1C39BF2600EDA766 /* proxy_client.cpp */,
				E67183D01C2ED86900992C16 /* http_header.cpp */,
				E6D6CE931C1394A300355E3D /* event_queue.cpp */,
				E6D6CE941C1394A300355E3D /* http_parse.cpp */,
				E6D6CE951C1394A300355E3D /* ipv4_endpoint.cpp */,
				E6D6CE961C1394A300355E3D /* main_server.cpp */,
				E6D6CE971C1394A300355E3D /* proxy.cpp */,
				E6D6CE981C1394A300355E3D /* tcp_client.cpp */,
				E6D6CE991C1394A300355E3D /* tcp_server.cpp */,
				E6FD6FA61C09E92600596585 /* main.cpp */,
				E6AF23D41C13885000CBEC62 /* tcp_connection.cpp */,
				E641451C1C23531900DE8094 /* http_data.cpp */,
				E666244A1C2480C000A29409 /* tasks_poll.cpp */,
				E6B668071C24A38800706014 /* listener.cpp */,
			);
			name = sources;
			sourceTree = "<group>";
		};
		E6541B901C2AFEA500E8ECF3 /* headers */ = {
			isa = PBXGroup;
			children = (
				E67986DF1C39BF2600EDA766 /* proxy_client.h */,
				E67986DD1C39BF2600EDA766 /* event_registration.h */,
				E67183D11C2ED86900992C16 /* http_header.hpp */,
				E6FD6FB11C09E99C00596585 /* ipv4_endpoint.hpp */,
				E6FD6FB41C09EA0B00596585 /* main_server.hpp */,
				E6FD6FBD1C09F40000596585 /* tcp_connection.hpp */,
				E6FD6FC01C09FAFC00596585 /* tcp_server.hpp */,
				E6FD6FC31C09FB0E00596585 /* tcp_client.hpp */,
				E6FD6FC91C0A04E100596585 /* event_queue.hpp */,
				E6FD6FCE1C0A0A6F00596585 /* proxy.hpp */,
				E6DE0C711C13350A00288191 /* http_parse.hpp */,
				E641451D1C23531900DE8094 /* http_data.hpp */,
				E666244B1C2480C000A29409 /* tasks_poll.hpp */,
				E6B668081C24A38800706014 /* listener.hpp */,
			);
			name = headers;
			sourceTree = "<group>";
		};
		E6FD6F9A1C09E92600596585 = {
			isa = PBXGroup;
			children = (
				E6FD6FA51C09E92600596585 /* simple_proxy */,
				E6FD6FA41C09E92600596585 /* Products */,
			);
			sourceTree = "<group>";
		};
		E6FD6FA41C09E92600596585 /* Products */ = {
			isa = PBXGroup;
			children = (
				E6FD6FA31C09E92600596585 /* simple_proxy */,
			);
			name = Products;
			sourceTree = "<group>";
		};
		E6FD6FA51C09E92600596585 /* simple_proxy */ = {
			isa = PBXGroup;
			children = (
				E6541B901C2AFEA500E8ECF3 /* headers */,
				E6541B8F1C2AFE9600E8ECF3 /* sources */,
			);
			path = simple_proxy;
			sourceTree = "<group>";
		};
/* End PBXGroup section */

/* Begin PBXNativeTarget section */
		E6FD6FA21C09E92600596585 /* simple_proxy */ = {
			isa = PBXNativeTarget;
			buildConfigurationList = E6FD6FAA1C09E92600596585 /* Build configuration list for PBXNativeTarget "simple_proxy" */;
			buildPhases = (
				E6FD6F9F1C09E92600596585 /* Sources */,
				E6FD6FA01C09E92600596585 /* Frameworks */,
				E6FD6FA11C09E92600596585 /* CopyFiles */,
			);
			buildRules = (
			);
			dependencies = (
			);
			name = simple_proxy;
			productName = simple_proxy;
			productReference = E6FD6FA31C09E92600596585 /* simple_proxy */;
			productType = "com.apple.product-type.tool";
		};
/* End PBXNativeTarget section */

/* Begin PBXProject section */
		E6FD6F9B1C09E92600596585 /* Project object */ = {
			isa = PBXProject;
			attributes = {
				LastUpgradeCheck = 0710;
				ORGANIZATIONNAME = ZeRoGerc;
				TargetAttributes = {
					E6FD6FA21C09E92600596585 = {
						CreatedOnToolsVersion = 7.1.1;
					};
				};
			};
			buildConfigurationList = E6FD6F9E1C09E92600596585 /* Build configuration list for PBXProject "simple_proxy" */;
			compatibilityVersion = "Xcode 3.2";
			developmentRegion = English;
			hasScannedForEncodings = 0;
			knownRegions = (
				en,
			);
			mainGroup = E6FD6F9A1C09E92600596585;
			productRefGroup = E6FD6FA41C09E92600596585 /* Products */;
			projectDirPath = "";
			projectRoot = "";
			targets = (
				E6FD6FA21C09E92600596585 /* simple_proxy */,
			);
		};
/* End PBXProject section */

/* Begin PBXSourcesBuildPhase section */
		E6FD6F9F1C09E92600596585 /* Sources */ = {
			isa = PBXSourcesBuildPhase;
			buildActionMask = 2147483647;
			files = (
				E6FD6FA71C09E92600596585 /* main.cpp in Sources */,
				E6D6CEA01C1394A300355E3D /* tcp_server.cpp in Sources */,
				E67986E11C39BF2600EDA766 /* proxy_client.cpp in Sources */,
				E6D6CE9B1C1394A300355E3D /* http_parse.cpp in Sources */,
				E6D6CE9C1C1394A300355E3D /* ipv4_endpoint.cpp in Sources */,
				E6D6CE9A1C1394A300355E3D /* event_queue.cpp in Sources */,
				E6D6CE9F1C1394A300355E3D /* tcp_client.cpp in Sources */,
				E6D6CE9E1C1394A300355E3D /* proxy.cpp in Sources */,
				E6B668091C24A38800706014 /* listener.cpp in Sources */,
				E666244C1C2480C000A29409 /* tasks_poll.cpp in Sources */,
				E641451E1C23531900DE8094 /* http_data.cpp in Sources */,
				E6AF23D51C13885000CBEC62 /* tcp_connection.cpp in Sources */,
				E6D6CE9D1C1394A300355E3D /* main_server.cpp in Sources */,
				E67183D21C2ED86900992C16 /* http_header.cpp in Sources */,
				E67986E01C39BF2600EDA766 /* event_registration.cpp in Sources */,
			);
			runOnlyForDeploymentPostprocessing = 0;
		};
/* End PBXSourcesBuildPhase section */

/* Begin XCBuildConfiguration section */
		E6FD6FA81C09E92600596585 /* Debug */ = {
			isa = XCBuildConfiguration;
			buildSettings = {
				ALWAYS_SEARCH_USER_PATHS = NO;
				CLANG_CXX_LANGUAGE_STANDARD = "gnu++0x";
				CLANG_CXX_LIBRARY = "libc++";
				CLANG_ENABLE_MODULES = YES;
				CLANG_ENABLE_OBJC_ARC = YES;
				CLANG_WARN_BOOL_CONVERSION = YES;
				CLANG_WARN_CONSTANT_CONVERSION = YES;
				CLANG_WARN_DIRECT_OBJC_ISA_USAGE = YES_ERROR;
				CLANG_WARN_EMPTY_BODY = YES;
				CLANG_WARN_ENUM_CONVERSION = YES;
				CLANG_WARN_INT_CONVERSION = YES;
				CLANG_WARN_OBJC_ROOT_CLASS = YES_ERROR;
				CLANG_WARN_UNREACHABLE_CODE = YES;
				CLANG_WARN__DUPLICATE_METHOD_MATCH = YES;
				CODE_SIGN_IDENTITY = "-";
				COPY_PHASE_STRIP = NO;
				DEBUG_INFORMATION_FORMAT = dwarf;
				ENABLE_STRICT_OBJC_MSGSEND = YES;
				ENABLE_TESTABILITY = YES;
				GCC_C_LANGUAGE_STANDARD = gnu99;
				GCC_DYNAMIC_NO_PIC = NO;
				GCC_NO_COMMON_BLOCKS = YES;
				GCC_OPTIMIZATION_LEVEL = 0;
				GCC_PREPROCESSOR_DEFINITIONS = (
					"DEBUG=1",
					"$(inherited)",
				);
				GCC_WARN_64_TO_32_BIT_CONVERSION = YES;
				GCC_WARN_ABOUT_RETURN_TYPE = YES_ERROR;
				GCC_WARN_UNDECLARED_SELECTOR = YES;
				GCC_WARN_UNINITIALIZED_AUTOS = YES_AGGRESSIVE;
				GCC_WARN_UNUSED_FUNCTION = YES;
				GCC_WARN_UNUSED_VARIABLE = YES;
				MACOSX_DEPLOYMENT_TARGET = 10.11;
				MTL_ENABLE_DEBUG_INFO = YES;
				ONLY_ACTIVE_ARCH = YES;
				SDKROOT = macosx;
			};
			name = Debug;
		};
		E6FD6FA91C09E92600596585 /* Release */ = {
			isa = XCBuildConfiguration;
			buildSettings = {
				ALWAYS_SEARCH_USER_PATHS = NO;
				CLANG_CXX_LANGUAGE_STANDARD = "gnu++0x";
				CLANG_CXX_LIBRARY = "libc++";
				CLANG_ENABLE_MODULES = YES;
				CLANG_ENABLE_OBJC_ARC = YES;
				CLANG_WARN_BOOL_CONVERSION = YES;
				CLANG_WARN_CONSTANT_CONVERSION = YES;
				CLANG_WARN_DIRECT_OBJC_ISA_USAGE = YES_ERROR;
				CLANG_WARN_EMPTY_BODY = YES;
				CLANG_WARN_ENUM_CONVERSION = YES;
				CLANG_WARN_INT_CONVERSION = YES;
				CLANG_WARN_OBJC_ROOT_CLASS = YES_ERROR;
				CLANG_WARN_UNREACHABLE_CODE = YES;
				CLANG_WARN__DUPLICATE_METHOD_MATCH = YES;
				CODE_SIGN_IDENTITY = "-";
				COPY_PHASE_STRIP = NO;
				DEBUG_INFORMATION_FORMAT = "dwarf-with-dsym";
				ENABLE_NS_ASSERTIONS = NO;
				ENABLE_STRICT_OBJC_MSGSEND = YES;
				GCC_C_LANGUAGE_STANDARD = gnu99;
				GCC_NO_COMMON_BLOCKS = YES;
				GCC_WARN_64_TO_32_BIT_CONVERSION = YES;
				GCC_WARN_ABOUT_RETURN_TYPE = YES_ERROR;
				GCC_WARN_UNDECLARED_SELECTOR = YES;
				GCC_WARN_UNINITIALIZED_AUTOS = YES_AGGRESSIVE;
				GCC_WARN_UNUSED_FUNCTION = YES;
				GCC_WARN_UNUSED_VARIABLE = YES;
				MACOSX_DEPLOYMENT_TARGET = 10.11;
				MTL_ENABLE_DEBUG_INFO = NO;
				SDKROOT = macosx;
			};
			name = Release;
		};
		E6FD6FAB1C09E92600596585 /* Debug */ = {
			isa = XCBuildConfiguration;
			buildSettings = {
				PRODUCT_NAME = "$(TARGET_NAME)";
			};
			name = Debug;
		};
		E6FD6FAC1C09E92600596585 /* Release */ = {
			isa = XCBuildConfiguration;
			buildSettings = {
				PRODUCT_NAME = "$(TARGET_NAME)";
			};
			name = Release;
		};
/* End XCBuildConfiguration section */

/* Begin XCConfigurationList section */
		E6FD6F9E1C09E92600596585 /* Build configuration list for PBXProject "simple_proxy" */ = {
			isa = XCConfigurationList;
			buildConfigurations = (
				E6FD6FA81C09E92600596585 /* Debug */,
				E6FD6FA91C09E92600596585 /* Release */,
			);
			defaultConfigurationIsVisible = 0;
			defaultConfigurationName = Release;
		};
		E6FD6FAA1C09E92600596585 /* Build configuration list for PBXNativeTarget "simple_proxy" */ = {
			isa = XCConfigurationList;
			buildConfigurations = (
				E6FD6FAB1C09E92600596585 /* Debug */,
				E6FD6FAC1C09E92600596585 /* Release */,
			);
			defaultConfigurationIsVisible = 0;
			defaultConfigurationName = Release;
		};
/* End XCConfigurationList section */
	};
	rootObject = E6FD6F9B1C09E92600596585 /* Project object */;
}
